
Microsoft Visual Studio Solution File, Format Version 12.00
# Visual Studio Version 17
VisualStudioVersion = 17.1.32210.238
MinimumVisualStudioVersion = 10.0.40219.1
Project("{9A19103F-16F7-4668-BE54-9A1E7A4F7556}") = "ExportVectorTiles", "ExportVectorTiles\ExportVectorTiles.csproj", "{BFAC0512-309B-4A4B-BACF-019330FF3B57}"
EndProject
Project("{FAE04EC0-301F-11D3-BF4B-00C04F79EFBC}") = "ExportVectorTiles.iOS", "ExportVectorTiles.iOS\ExportVectorTiles.iOS.csproj", "{F876FA63-3431-4F67-AACF-1D029A6E6255}"
EndProject
Project("{FAE04EC0-301F-11D3-BF4B-00C04F79EFBC}") = "ExportVectorTiles.Android", "ExportVectorTiles.Android\ExportVectorTiles.Android.csproj", "{AB0C96C5-8DF5-4B15-88CA-F2F74A955463}"
EndProject
Project("{FAE04EC0-301F-11D3-BF4B-00C04F79EFBC}") = "ExportVectorTiles.UWP", "ExportVectorTiles.UWP\ExportVectorTiles.UWP.csproj", "{8197ABC8-E066-404D-A0C1-52CC2F4F2310}"
EndProject
Global
	GlobalSection(SolutionConfigurationPlatforms) = preSolution
		Ad-Hoc|Any CPU = Ad-Hoc|Any CPU
		Ad-Hoc|ARM = Ad-Hoc|ARM
		Ad-Hoc|ARM64 = Ad-Hoc|ARM64
		Ad-Hoc|iPhone = Ad-Hoc|iPhone
		Ad-Hoc|iPhoneSimulator = Ad-Hoc|iPhoneSimulator
		Ad-Hoc|x64 = Ad-Hoc|x64
		Ad-Hoc|x86 = Ad-Hoc|x86
		AppStore|Any CPU = AppStore|Any CPU
		AppStore|ARM = AppStore|ARM
		AppStore|ARM64 = AppStore|ARM64
		AppStore|iPhone = AppStore|iPhone
		AppStore|iPhoneSimulator = AppStore|iPhoneSimulator
		AppStore|x64 = AppStore|x64
		AppStore|x86 = AppStore|x86
		Debug|Any CPU = Debug|Any CPU
		Debug|ARM = Debug|ARM
		Debug|ARM64 = Debug|ARM64
		Debug|iPhone = Debug|iPhone
		Debug|iPhoneSimulator = Debug|iPhoneSimulator
		Debug|x64 = Debug|x64
		Debug|x86 = Debug|x86
		Release|Any CPU = Release|Any CPU
		Release|ARM = Release|ARM
		Release|ARM64 = Release|ARM64
		Release|iPhone = Release|iPhone
		Release|iPhoneSimulator = Release|iPhoneSimulator
		Release|x64 = Release|x64
		Release|x86 = Release|x86
	EndGlobalSection
	GlobalSection(ProjectConfigurationPlatforms) = postSolution
		{BFAC0512-309B-4A4B-BACF-019330FF3B57}.Ad-Hoc|Any CPU.ActiveCfg = Debug|Any CPU
		{BFAC0512-309B-4A4B-BACF-019330FF3B57}.Ad-Hoc|Any CPU.Build.0 = Debug|Any CPU
		{BFAC0512-309B-4A4B-BACF-019330FF3B57}.Ad-Hoc|ARM.ActiveCfg = Debug|Any CPU
		{BFAC0512-309B-4A4B-BACF-019330FF3B57}.Ad-Hoc|ARM.Build.0 = Debug|Any CPU
		{BFAC0512-309B-4A4B-BACF-019330FF3B57}.Ad-Hoc|ARM64.ActiveCfg = Debug|Any CPU
		{BFAC0512-309B-4A4B-BACF-019330FF3B57}.Ad-Hoc|ARM64.Build.0 = Debug|Any CPU
		{BFAC0512-309B-4A4B-BACF-019330FF3B57}.Ad-Hoc|iPhone.ActiveCfg = Debug|Any CPU
		{BFAC0512-309B-4A4B-BACF-019330FF3B57}.Ad-Hoc|iPhone.Build.0 = Debug|Any CPU
		{BFAC0512-309B-4A4B-BACF-019330FF3B57}.Ad-Hoc|iPhoneSimulator.ActiveCfg = Debug|Any CPU
		{BFAC0512-309B-4A4B-BACF-019330FF3B57}.Ad-Hoc|iPhoneSimulator.Build.0 = Debug|Any CPU
		{BFAC0512-309B-4A4B-BACF-019330FF3B57}.Ad-Hoc|x64.ActiveCfg = Debug|Any CPU
		{BFAC0512-309B-4A4B-BACF-019330FF3B57}.Ad-Hoc|x64.Build.0 = Debug|Any CPU
		{BFAC0512-309B-4A4B-BACF-019330FF3B57}.Ad-Hoc|x86.ActiveCfg = Debug|Any CPU
		{BFAC0512-309B-4A4B-BACF-019330FF3B57}.Ad-Hoc|x86.Build.0 = Debug|Any CPU
		{BFAC0512-309B-4A4B-BACF-019330FF3B57}.AppStore|Any CPU.ActiveCfg = Debug|Any CPU
		{BFAC0512-309B-4A4B-BACF-019330FF3B57}.AppStore|Any CPU.Build.0 = Debug|Any CPU
		{BFAC0512-309B-4A4B-BACF-019330FF3B57}.AppStore|ARM.ActiveCfg = Debug|Any CPU
		{BFAC0512-309B-4A4B-BACF-019330FF3B57}.AppStore|ARM.Build.0 = Debug|Any CPU
		{BFAC0512-309B-4A4B-BACF-019330FF3B57}.AppStore|ARM64.ActiveCfg = Debug|Any CPU
		{BFAC0512-309B-4A4B-BACF-019330FF3B57}.AppStore|ARM64.Build.0 = Debug|Any CPU
		{BFAC0512-309B-4A4B-BACF-019330FF3B57}.AppStore|iPhone.ActiveCfg = Debug|Any CPU
		{BFAC0512-309B-4A4B-BACF-019330FF3B57}.AppStore|iPhone.Build.0 = Debug|Any CPU
		{BFAC0512-309B-4A4B-BACF-019330FF3B57}.AppStore|iPhoneSimulator.ActiveCfg = Debug|Any CPU
		{BFAC0512-309B-4A4B-BACF-019330FF3B57}.AppStore|iPhoneSimulator.Build.0 = Debug|Any CPU
		{BFAC0512-309B-4A4B-BACF-019330FF3B57}.AppStore|x64.ActiveCfg = Debug|Any CPU
		{BFAC0512-309B-4A4B-BACF-019330FF3B57}.AppStore|x64.Build.0 = Debug|Any CPU
		{BFAC0512-309B-4A4B-BACF-019330FF3B57}.AppStore|x86.ActiveCfg = Debug|Any CPU
		{BFAC0512-309B-4A4B-BACF-019330FF3B57}.AppStore|x86.Build.0 = Debug|Any CPU
		{BFAC0512-309B-4A4B-BACF-019330FF3B57}.Debug|Any CPU.ActiveCfg = Debug|Any CPU
		{BFAC0512-309B-4A4B-BACF-019330FF3B57}.Debug|ARM.ActiveCfg = Debug|Any CPU
		{BFAC0512-309B-4A4B-BACF-019330FF3B57}.Debug|ARM.Build.0 = Debug|Any CPU
		{BFAC0512-309B-4A4B-BACF-019330FF3B57}.Debug|ARM64.ActiveCfg = Debug|Any CPU
		{BFAC0512-309B-4A4B-BACF-019330FF3B57}.Debug|ARM64.Build.0 = Debug|Any CPU
		{BFAC0512-309B-4A4B-BACF-019330FF3B57}.Debug|iPhone.ActiveCfg = Debug|Any CPU
		{BFAC0512-309B-4A4B-BACF-019330FF3B57}.Debug|iPhone.Build.0 = Debug|Any CPU
		{BFAC0512-309B-4A4B-BACF-019330FF3B57}.Debug|iPhoneSimulator.ActiveCfg = Debug|Any CPU
		{BFAC0512-309B-4A4B-BACF-019330FF3B57}.Debug|iPhoneSimulator.Build.0 = Debug|Any CPU
		{BFAC0512-309B-4A4B-BACF-019330FF3B57}.Debug|x64.ActiveCfg = Debug|Any CPU
		{BFAC0512-309B-4A4B-BACF-019330FF3B57}.Debug|x64.Build.0 = Debug|Any CPU
		{BFAC0512-309B-4A4B-BACF-019330FF3B57}.Debug|x86.ActiveCfg = Debug|Any CPU
		{BFAC0512-309B-4A4B-BACF-019330FF3B57}.Debug|x86.Build.0 = Debug|Any CPU
		{BFAC0512-309B-4A4B-BACF-019330FF3B57}.Release|Any CPU.ActiveCfg = Release|Any CPU
		{BFAC0512-309B-4A4B-BACF-019330FF3B57}.Release|Any CPU.Build.0 = Release|Any CPU
		{BFAC0512-309B-4A4B-BACF-019330FF3B57}.Release|ARM.ActiveCfg = Release|Any CPU
		{BFAC0512-309B-4A4B-BACF-019330FF3B57}.Release|ARM.Build.0 = Release|Any CPU
		{BFAC0512-309B-4A4B-BACF-019330FF3B57}.Release|ARM64.ActiveCfg = Release|Any CPU
		{BFAC0512-309B-4A4B-BACF-019330FF3B57}.Release|ARM64.Build.0 = Release|Any CPU
		{BFAC0512-309B-4A4B-BACF-019330FF3B57}.Release|iPhone.ActiveCfg = Release|Any CPU
		{BFAC0512-309B-4A4B-BACF-019330FF3B57}.Release|iPhone.Build.0 = Release|Any CPU
		{BFAC0512-309B-4A4B-BACF-019330FF3B57}.Release|iPhoneSimulator.ActiveCfg = Release|Any CPU
		{BFAC0512-309B-4A4B-BACF-019330FF3B57}.Release|iPhoneSimulator.Build.0 = Release|Any CPU
		{BFAC0512-309B-4A4B-BACF-019330FF3B57}.Release|x64.ActiveCfg = Release|Any CPU
		{BFAC0512-309B-4A4B-BACF-019330FF3B57}.Release|x64.Build.0 = Release|Any CPU
		{BFAC0512-309B-4A4B-BACF-019330FF3B57}.Release|x86.ActiveCfg = Release|Any CPU
		{BFAC0512-309B-4A4B-BACF-019330FF3B57}.Release|x86.Build.0 = Release|Any CPU
		{F876FA63-3431-4F67-AACF-1D029A6E6255}.Ad-Hoc|Any CPU.ActiveCfg = Ad-Hoc|iPhoneSimulator
		{F876FA63-3431-4F67-AACF-1D029A6E6255}.Ad-Hoc|ARM.ActiveCfg = Ad-Hoc|iPhoneSimulator
		{F876FA63-3431-4F67-AACF-1D029A6E6255}.Ad-Hoc|ARM64.ActiveCfg = Ad-Hoc|iPhoneSimulator
		{F876FA63-3431-4F67-AACF-1D029A6E6255}.Ad-Hoc|iPhone.ActiveCfg = Ad-Hoc|iPhone
		{F876FA63-3431-4F67-AACF-1D029A6E6255}.Ad-Hoc|iPhone.Build.0 = Ad-Hoc|iPhone
		{F876FA63-3431-4F67-AACF-1D029A6E6255}.Ad-Hoc|iPhoneSimulator.ActiveCfg = Ad-Hoc|iPhoneSimulator
		{F876FA63-3431-4F67-AACF-1D029A6E6255}.Ad-Hoc|iPhoneSimulator.Build.0 = Ad-Hoc|iPhoneSimulator
		{F876FA63-3431-4F67-AACF-1D029A6E6255}.Ad-Hoc|x64.ActiveCfg = Ad-Hoc|iPhoneSimulator
		{F876FA63-3431-4F67-AACF-1D029A6E6255}.Ad-Hoc|x86.ActiveCfg = Ad-Hoc|iPhoneSimulator
		{F876FA63-3431-4F67-AACF-1D029A6E6255}.AppStore|Any CPU.ActiveCfg = AppStore|iPhoneSimulator
		{F876FA63-3431-4F67-AACF-1D029A6E6255}.AppStore|ARM.ActiveCfg = AppStore|iPhoneSimulator
		{F876FA63-3431-4F67-AACF-1D029A6E6255}.AppStore|ARM64.ActiveCfg = AppStore|iPhoneSimulator
		{F876FA63-3431-4F67-AACF-1D029A6E6255}.AppStore|iPhone.ActiveCfg = AppStore|iPhone
		{F876FA63-3431-4F67-AACF-1D029A6E6255}.AppStore|iPhone.Build.0 = AppStore|iPhone
		{F876FA63-3431-4F67-AACF-1D029A6E6255}.AppStore|iPhoneSimulator.ActiveCfg = AppStore|iPhoneSimulator
		{F876FA63-3431-4F67-AACF-1D029A6E6255}.AppStore|iPhoneSimulator.Build.0 = AppStore|iPhoneSimulator
		{F876FA63-3431-4F67-AACF-1D029A6E6255}.AppStore|x64.ActiveCfg = AppStore|iPhoneSimulator
		{F876FA63-3431-4F67-AACF-1D029A6E6255}.AppStore|x86.ActiveCfg = AppStore|iPhoneSimulator
		{F876FA63-3431-4F67-AACF-1D029A6E6255}.Debug|Any CPU.ActiveCfg = Debug|iPhoneSimulator
		{F876FA63-3431-4F67-AACF-1D029A6E6255}.Debug|ARM.ActiveCfg = Debug|iPhoneSimulator
		{F876FA63-3431-4F67-AACF-1D029A6E6255}.Debug|ARM64.ActiveCfg = Debug|iPhoneSimulator
		{F876FA63-3431-4F67-AACF-1D029A6E6255}.Debug|iPhone.ActiveCfg = Debug|iPhone
		{F876FA63-3431-4F67-AACF-1D029A6E6255}.Debug|iPhone.Build.0 = Debug|iPhone
		{F876FA63-3431-4F67-AACF-1D029A6E6255}.Debug|iPhoneSimulator.ActiveCfg = Debug|iPhoneSimulator
		{F876FA63-3431-4F67-AACF-1D029A6E6255}.Debug|iPhoneSimulator.Build.0 = Debug|iPhoneSimulator
		{F876FA63-3431-4F67-AACF-1D029A6E6255}.Debug|x64.ActiveCfg = Debug|iPhoneSimulator
		{F876FA63-3431-4F67-AACF-1D029A6E6255}.Debug|x86.ActiveCfg = Debug|iPhoneSimulator
		{F876FA63-3431-4F67-AACF-1D029A6E6255}.Release|Any CPU.ActiveCfg = Release|iPhoneSimulator
		{F876FA63-3431-4F67-AACF-1D029A6E6255}.Release|ARM.ActiveCfg = Release|iPhoneSimulator
		{F876FA63-3431-4F67-AACF-1D029A6E6255}.Release|ARM64.ActiveCfg = Release|iPhoneSimulator
		{F876FA63-3431-4F67-AACF-1D029A6E6255}.Release|iPhone.ActiveCfg = Release|iPhone
		{F876FA63-3431-4F67-AACF-1D029A6E6255}.Release|iPhone.Build.0 = Release|iPhone
		{F876FA63-3431-4F67-AACF-1D029A6E6255}.Release|iPhoneSimulator.ActiveCfg = Release|iPhoneSimulator
		{F876FA63-3431-4F67-AACF-1D029A6E6255}.Release|iPhoneSimulator.Build.0 = Release|iPhoneSimulator
		{F876FA63-3431-4F67-AACF-1D029A6E6255}.Release|x64.ActiveCfg = Release|iPhoneSimulator
		{F876FA63-3431-4F67-AACF-1D029A6E6255}.Release|x86.ActiveCfg = Release|iPhoneSimulator
		{AB0C96C5-8DF5-4B15-88CA-F2F74A955463}.Ad-Hoc|Any CPU.ActiveCfg = Debug|Any CPU
		{AB0C96C5-8DF5-4B15-88CA-F2F74A955463}.Ad-Hoc|Any CPU.Build.0 = Debug|Any CPU
		{AB0C96C5-8DF5-4B15-88CA-F2F74A955463}.Ad-Hoc|Any CPU.Deploy.0 = Debug|Any CPU
		{AB0C96C5-8DF5-4B15-88CA-F2F74A955463}.Ad-Hoc|ARM.ActiveCfg = Debug|Any CPU
		{AB0C96C5-8DF5-4B15-88CA-F2F74A955463}.Ad-Hoc|ARM.Build.0 = Debug|Any CPU
		{AB0C96C5-8DF5-4B15-88CA-F2F74A955463}.Ad-Hoc|ARM.Deploy.0 = Debug|Any CPU
		{AB0C96C5-8DF5-4B15-88CA-F2F74A955463}.Ad-Hoc|ARM64.ActiveCfg = Debug|Any CPU
		{AB0C96C5-8DF5-4B15-88CA-F2F74A955463}.Ad-Hoc|ARM64.Build.0 = Debug|Any CPU
		{AB0C96C5-8DF5-4B15-88CA-F2F74A955463}.Ad-Hoc|ARM64.Deploy.0 = Debug|Any CPU
		{AB0C96C5-8DF5-4B15-88CA-F2F74A955463}.Ad-Hoc|iPhone.ActiveCfg = Debug|Any CPU
		{AB0C96C5-8DF5-4B15-88CA-F2F74A955463}.Ad-Hoc|iPhone.Build.0 = Debug|Any CPU
		{AB0C96C5-8DF5-4B15-88CA-F2F74A955463}.Ad-Hoc|iPhone.Deploy.0 = Debug|Any CPU
		{AB0C96C5-8DF5-4B15-88CA-F2F74A955463}.Ad-Hoc|iPhoneSimulator.ActiveCfg = Debug|Any CPU
		{AB0C96C5-8DF5-4B15-88CA-F2F74A955463}.Ad-Hoc|iPhoneSimulator.Build.0 = Debug|Any CPU
		{AB0C96C5-8DF5-4B15-88CA-F2F74A955463}.Ad-Hoc|iPhoneSimulator.Deploy.0 = Debug|Any CPU
		{AB0C96C5-8DF5-4B15-88CA-F2F74A955463}.Ad-Hoc|x64.ActiveCfg = Debug|Any CPU
		{AB0C96C5-8DF5-4B15-88CA-F2F74A955463}.Ad-Hoc|x64.Build.0 = Debug|Any CPU
		{AB0C96C5-8DF5-4B15-88CA-F2F74A955463}.Ad-Hoc|x64.Deploy.0 = Debug|Any CPU
		{AB0C96C5-8DF5-4B15-88CA-F2F74A955463}.Ad-Hoc|x86.ActiveCfg = Debug|Any CPU
		{AB0C96C5-8DF5-4B15-88CA-F2F74A955463}.Ad-Hoc|x86.Build.0 = Debug|Any CPU
		{AB0C96C5-8DF5-4B15-88CA-F2F74A955463}.Ad-Hoc|x86.Deploy.0 = Debug|Any CPU
		{AB0C96C5-8DF5-4B15-88CA-F2F74A955463}.AppStore|Any CPU.ActiveCfg = Debug|Any CPU
		{AB0C96C5-8DF5-4B15-88CA-F2F74A955463}.AppStore|Any CPU.Build.0 = Debug|Any CPU
		{AB0C96C5-8DF5-4B15-88CA-F2F74A955463}.AppStore|Any CPU.Deploy.0 = Debug|Any CPU
		{AB0C96C5-8DF5-4B15-88CA-F2F74A955463}.AppStore|ARM.ActiveCfg = Debug|Any CPU
		{AB0C96C5-8DF5-4B15-88CA-F2F74A955463}.AppStore|ARM.Build.0 = Debug|Any CPU
		{AB0C96C5-8DF5-4B15-88CA-F2F74A955463}.AppStore|ARM.Deploy.0 = Debug|Any CPU
		{AB0C96C5-8DF5-4B15-88CA-F2F74A955463}.AppStore|ARM64.ActiveCfg = Debug|Any CPU
		{AB0C96C5-8DF5-4B15-88CA-F2F74A955463}.AppStore|ARM64.Build.0 = Debug|Any CPU
		{AB0C96C5-8DF5-4B15-88CA-F2F74A955463}.AppStore|ARM64.Deploy.0 = Debug|Any CPU
		{AB0C96C5-8DF5-4B15-88CA-F2F74A955463}.AppStore|iPhone.ActiveCfg = Debug|Any CPU
		{AB0C96C5-8DF5-4B15-88CA-F2F74A955463}.AppStore|iPhone.Build.0 = Debug|Any CPU
		{AB0C96C5-8DF5-4B15-88CA-F2F74A955463}.AppStore|iPhone.Deploy.0 = Debug|Any CPU
		{AB0C96C5-8DF5-4B15-88CA-F2F74A955463}.AppStore|iPhoneSimulator.ActiveCfg = Debug|Any CPU
		{AB0C96C5-8DF5-4B15-88CA-F2F74A955463}.AppStore|iPhoneSimulator.Build.0 = Debug|Any CPU
		{AB0C96C5-8DF5-4B15-88CA-F2F74A955463}.AppStore|iPhoneSimulator.Deploy.0 = Debug|Any CPU
		{AB0C96C5-8DF5-4B15-88CA-F2F74A955463}.AppStore|x64.ActiveCfg = Debug|Any CPU
		{AB0C96C5-8DF5-4B15-88CA-F2F74A955463}.AppStore|x64.Build.0 = Debug|Any CPU
		{AB0C96C5-8DF5-4B15-88CA-F2F74A955463}.AppStore|x64.Deploy.0 = Debug|Any CPU
		{AB0C96C5-8DF5-4B15-88CA-F2F74A955463}.AppStore|x86.ActiveCfg = Debug|Any CPU
		{AB0C96C5-8DF5-4B15-88CA-F2F74A955463}.AppStore|x86.Build.0 = Debug|Any CPU
		{AB0C96C5-8DF5-4B15-88CA-F2F74A955463}.AppStore|x86.Deploy.0 = Debug|Any CPU
		{AB0C96C5-8DF5-4B15-88CA-F2F74A955463}.Debug|Any CPU.ActiveCfg = Debug|Any CPU
		{AB0C96C5-8DF5-4B15-88CA-F2F74A955463}.Debug|ARM.ActiveCfg = Debug|Any CPU
		{AB0C96C5-8DF5-4B15-88CA-F2F74A955463}.Debug|ARM.Build.0 = Debug|Any CPU
		{AB0C96C5-8DF5-4B15-88CA-F2F74A955463}.Debug|ARM.Deploy.0 = Debug|Any CPU
		{AB0C96C5-8DF5-4B15-88CA-F2F74A955463}.Debug|ARM64.ActiveCfg = Debug|Any CPU
		{AB0C96C5-8DF5-4B15-88CA-F2F74A955463}.Debug|ARM64.Build.0 = Debug|Any CPU
		{AB0C96C5-8DF5-4B15-88CA-F2F74A955463}.Debug|ARM64.Deploy.0 = Debug|Any CPU
		{AB0C96C5-8DF5-4B15-88CA-F2F74A955463}.Debug|iPhone.ActiveCfg = Debug|Any CPU
		{AB0C96C5-8DF5-4B15-88CA-F2F74A955463}.Debug|iPhone.Build.0 = Debug|Any CPU
		{AB0C96C5-8DF5-4B15-88CA-F2F74A955463}.Debug|iPhone.Deploy.0 = Debug|Any CPU
		{AB0C96C5-8DF5-4B15-88CA-F2F74A955463}.Debug|iPhoneSimulator.ActiveCfg = Debug|Any CPU
		{AB0C96C5-8DF5-4B15-88CA-F2F74A955463}.Debug|iPhoneSimulator.Build.0 = Debug|Any CPU
		{AB0C96C5-8DF5-4B15-88CA-F2F74A955463}.Debug|iPhoneSimulator.Deploy.0 = Debug|Any CPU
		{AB0C96C5-8DF5-4B15-88CA-F2F74A955463}.Debug|x64.ActiveCfg = Debug|Any CPU
		{AB0C96C5-8DF5-4B15-88CA-F2F74A955463}.Debug|x64.Build.0 = Debug|Any CPU
		{AB0C96C5-8DF5-4B15-88CA-F2F74A955463}.Debug|x64.Deploy.0 = Debug|Any CPU
		{AB0C96C5-8DF5-4B15-88CA-F2F74A955463}.Debug|x86.ActiveCfg = Debug|Any CPU
		{AB0C96C5-8DF5-4B15-88CA-F2F74A955463}.Debug|x86.Build.0 = Debug|Any CPU
		{AB0C96C5-8DF5-4B15-88CA-F2F74A955463}.Debug|x86.Deploy.0 = Debug|Any CPU
		{AB0C96C5-8DF5-4B15-88CA-F2F74A955463}.Release|Any CPU.ActiveCfg = Release|Any CPU
		{AB0C96C5-8DF5-4B15-88CA-F2F74A955463}.Release|Any CPU.Build.0 = Release|Any CPU
		{AB0C96C5-8DF5-4B15-88CA-F2F74A955463}.Release|Any CPU.Deploy.0 = Release|Any CPU
		{AB0C96C5-8DF5-4B15-88CA-F2F74A955463}.Release|ARM.ActiveCfg = Release|Any CPU
		{AB0C96C5-8DF5-4B15-88CA-F2F74A955463}.Release|ARM.Build.0 = Release|Any CPU
		{AB0C96C5-8DF5-4B15-88CA-F2F74A955463}.Release|ARM.Deploy.0 = Release|Any CPU
		{AB0C96C5-8DF5-4B15-88CA-F2F74A955463}.Release|ARM64.ActiveCfg = Release|Any CPU
		{AB0C96C5-8DF5-4B15-88CA-F2F74A955463}.Release|ARM64.Build.0 = Release|Any CPU
		{AB0C96C5-8DF5-4B15-88CA-F2F74A955463}.Release|ARM64.Deploy.0 = Release|Any CPU
		{AB0C96C5-8DF5-4B15-88CA-F2F74A955463}.Release|iPhone.ActiveCfg = Release|Any CPU
		{AB0C96C5-8DF5-4B15-88CA-F2F74A955463}.Release|iPhone.Build.0 = Release|Any CPU
		{AB0C96C5-8DF5-4B15-88CA-F2F74A955463}.Release|iPhone.Deploy.0 = Release|Any CPU
		{AB0C96C5-8DF5-4B15-88CA-F2F74A955463}.Release|iPhoneSimulator.ActiveCfg = Release|Any CPU
		{AB0C96C5-8DF5-4B15-88CA-F2F74A955463}.Release|iPhoneSimulator.Build.0 = Release|Any CPU
		{AB0C96C5-8DF5-4B15-88CA-F2F74A955463}.Release|iPhoneSimulator.Deploy.0 = Release|Any CPU
		{AB0C96C5-8DF5-4B15-88CA-F2F74A955463}.Release|x64.ActiveCfg = Release|Any CPU
		{AB0C96C5-8DF5-4B15-88CA-F2F74A955463}.Release|x64.Build.0 = Release|Any CPU
		{AB0C96C5-8DF5-4B15-88CA-F2F74A955463}.Release|x64.Deploy.0 = Release|Any CPU
		{AB0C96C5-8DF5-4B15-88CA-F2F74A955463}.Release|x86.ActiveCfg = Release|Any CPU
		{AB0C96C5-8DF5-4B15-88CA-F2F74A955463}.Release|x86.Build.0 = Release|Any CPU
		{AB0C96C5-8DF5-4B15-88CA-F2F74A955463}.Release|x86.Deploy.0 = Release|Any CPU
		{8197ABC8-E066-404D-A0C1-52CC2F4F2310}.Ad-Hoc|Any CPU.ActiveCfg = Debug|ARM
		{8197ABC8-E066-404D-A0C1-52CC2F4F2310}.Ad-Hoc|Any CPU.Build.0 = Debug|ARM
		{8197ABC8-E066-404D-A0C1-52CC2F4F2310}.Ad-Hoc|Any CPU.Deploy.0 = Debug|ARM
		{8197ABC8-E066-404D-A0C1-52CC2F4F2310}.Ad-Hoc|ARM.ActiveCfg = Debug|ARM
		{8197ABC8-E066-404D-A0C1-52CC2F4F2310}.Ad-Hoc|ARM.Build.0 = Debug|ARM
		{8197ABC8-E066-404D-A0C1-52CC2F4F2310}.Ad-Hoc|ARM.Deploy.0 = Debug|ARM
		{8197ABC8-E066-404D-A0C1-52CC2F4F2310}.Ad-Hoc|ARM64.ActiveCfg = Debug|ARM64
		{8197ABC8-E066-404D-A0C1-52CC2F4F2310}.Ad-Hoc|ARM64.Build.0 = Debug|ARM64
		{8197ABC8-E066-404D-A0C1-52CC2F4F2310}.Ad-Hoc|ARM64.Deploy.0 = Debug|ARM64
		{8197ABC8-E066-404D-A0C1-52CC2F4F2310}.Ad-Hoc|iPhone.ActiveCfg = Debug|ARM
		{8197ABC8-E066-404D-A0C1-52CC2F4F2310}.Ad-Hoc|iPhone.Build.0 = Debug|ARM
		{8197ABC8-E066-404D-A0C1-52CC2F4F2310}.Ad-Hoc|iPhone.Deploy.0 = Debug|ARM
		{8197ABC8-E066-404D-A0C1-52CC2F4F2310}.Ad-Hoc|iPhoneSimulator.ActiveCfg = Debug|ARM
		{8197ABC8-E066-404D-A0C1-52CC2F4F2310}.Ad-Hoc|iPhoneSimulator.Build.0 = Debug|ARM
		{8197ABC8-E066-404D-A0C1-52CC2F4F2310}.Ad-Hoc|iPhoneSimulator.Deploy.0 = Debug|ARM
		{8197ABC8-E066-404D-A0C1-52CC2F4F2310}.Ad-Hoc|x64.ActiveCfg = Debug|x64
		{8197ABC8-E066-404D-A0C1-52CC2F4F2310}.Ad-Hoc|x64.Build.0 = Debug|x64
		{8197ABC8-E066-404D-A0C1-52CC2F4F2310}.Ad-Hoc|x64.Deploy.0 = Debug|x64
		{8197ABC8-E066-404D-A0C1-52CC2F4F2310}.Ad-Hoc|x86.ActiveCfg = Debug|x86
		{8197ABC8-E066-404D-A0C1-52CC2F4F2310}.Ad-Hoc|x86.Build.0 = Debug|x86
		{8197ABC8-E066-404D-A0C1-52CC2F4F2310}.Ad-Hoc|x86.Deploy.0 = Debug|x86
		{8197ABC8-E066-404D-A0C1-52CC2F4F2310}.AppStore|Any CPU.ActiveCfg = Debug|ARM
		{8197ABC8-E066-404D-A0C1-52CC2F4F2310}.AppStore|Any CPU.Build.0 = Debug|ARM
		{8197ABC8-E066-404D-A0C1-52CC2F4F2310}.AppStore|Any CPU.Deploy.0 = Debug|ARM
		{8197ABC8-E066-404D-A0C1-52CC2F4F2310}.AppStore|ARM.ActiveCfg = Debug|ARM
		{8197ABC8-E066-404D-A0C1-52CC2F4F2310}.AppStore|ARM.Build.0 = Debug|ARM
		{8197ABC8-E066-404D-A0C1-52CC2F4F2310}.AppStore|ARM.Deploy.0 = Debug|ARM
		{8197ABC8-E066-404D-A0C1-52CC2F4F2310}.AppStore|ARM64.ActiveCfg = Debug|ARM64
		{8197ABC8-E066-404D-A0C1-52CC2F4F2310}.AppStore|ARM64.Build.0 = Debug|ARM64
		{8197ABC8-E066-404D-A0C1-52CC2F4F2310}.AppStore|ARM64.Deploy.0 = Debug|ARM64
		{8197ABC8-E066-404D-A0C1-52CC2F4F2310}.AppStore|iPhone.ActiveCfg = Debug|ARM
		{8197ABC8-E066-404D-A0C1-52CC2F4F2310}.AppStore|iPhone.Build.0 = Debug|ARM
		{8197ABC8-E066-404D-A0C1-52CC2F4F2310}.AppStore|iPhone.Deploy.0 = Debug|ARM
		{8197ABC8-E066-404D-A0C1-52CC2F4F2310}.AppStore|iPhoneSimulator.ActiveCfg = Debug|ARM
		{8197ABC8-E066-404D-A0C1-52CC2F4F2310}.AppStore|iPhoneSimulator.Build.0 = Debug|ARM
		{8197ABC8-E066-404D-A0C1-52CC2F4F2310}.AppStore|iPhoneSimulator.Deploy.0 = Debug|ARM
		{8197ABC8-E066-404D-A0C1-52CC2F4F2310}.AppStore|x64.ActiveCfg = Debug|x64
		{8197ABC8-E066-404D-A0C1-52CC2F4F2310}.AppStore|x64.Build.0 = Debug|x64
		{8197ABC8-E066-404D-A0C1-52CC2F4F2310}.AppStore|x64.Deploy.0 = Debug|x64
		{8197ABC8-E066-404D-A0C1-52CC2F4F2310}.AppStore|x86.ActiveCfg = Debug|x86
		{8197ABC8-E066-404D-A0C1-52CC2F4F2310}.AppStore|x86.Build.0 = Debug|x86
		{8197ABC8-E066-404D-A0C1-52CC2F4F2310}.AppStore|x86.Deploy.0 = Debug|x86
		{8197ABC8-E066-404D-A0C1-52CC2F4F2310}.Debug|Any CPU.ActiveCfg = Debug|x86
		{8197ABC8-E066-404D-A0C1-52CC2F4F2310}.Debug|Any CPU.Build.0 = Debug|x86
		{8197ABC8-E066-404D-A0C1-52CC2F4F2310}.Debug|Any CPU.Deploy.0 = Debug|x86
		{8197ABC8-E066-404D-A0C1-52CC2F4F2310}.Debug|ARM.ActiveCfg = Debug|ARM
		{8197ABC8-E066-404D-A0C1-52CC2F4F2310}.Debug|ARM.Build.0 = Debug|ARM
		{8197ABC8-E066-404D-A0C1-52CC2F4F2310}.Debug|ARM.Deploy.0 = Debug|ARM
		{8197ABC8-E066-404D-A0C1-52CC2F4F2310}.Debug|ARM64.ActiveCfg = Debug|ARM64
		{8197ABC8-E066-404D-A0C1-52CC2F4F2310}.Debug|ARM64.Build.0 = Debug|ARM64
		{8197ABC8-E066-404D-A0C1-52CC2F4F2310}.Debug|ARM64.Deploy.0 = Debug|ARM64
		{8197ABC8-E066-404D-A0C1-52CC2F4F2310}.Debug|iPhone.ActiveCfg = Debug|x86
		{8197ABC8-E066-404D-A0C1-52CC2F4F2310}.Debug|iPhoneSimulator.ActiveCfg = Debug|x86
		{8197ABC8-E066-404D-A0C1-52CC2F4F2310}.Debug|x64.ActiveCfg = Debug|x64
		{8197ABC8-E066-404D-A0C1-52CC2F4F2310}.Debug|x64.Build.0 = Debug|x64
		{8197ABC8-E066-404D-A0C1-52CC2F4F2310}.Debug|x64.Deploy.0 = Debug|x64
		{8197ABC8-E066-404D-A0C1-52CC2F4F2310}.Debug|x86.ActiveCfg = Debug|x86
		{8197ABC8-E066-404D-A0C1-52CC2F4F2310}.Debug|x86.Build.0 = Debug|x86
		{8197ABC8-E066-404D-A0C1-52CC2F4F2310}.Debug|x86.Deploy.0 = Debug|x86
		{8197ABC8-E066-404D-A0C1-52CC2F4F2310}.Release|Any CPU.ActiveCfg = Release|x86
		{8197ABC8-E066-404D-A0C1-52CC2F4F2310}.Release|ARM.ActiveCfg = Release|ARM
		{8197ABC8-E066-404D-A0C1-52CC2F4F2310}.Release|ARM.Build.0 = Release|ARM
		{8197ABC8-E066-404D-A0C1-52CC2F4F2310}.Release|ARM.Deploy.0 = Release|ARM
		{8197ABC8-E066-404D-A0C1-52CC2F4F2310}.Release|ARM64.ActiveCfg = Release|ARM64
		{8197ABC8-E066-404D-A0C1-52CC2F4F2310}.Release|ARM64.Build.0 = Release|ARM64
		{8197ABC8-E066-404D-A0C1-52CC2F4F2310}.Release|ARM64.Deploy.0 = Release|ARM64
		{8197ABC8-E066-404D-A0C1-52CC2F4F2310}.Release|iPhone.ActiveCfg = Release|x86
		{8197ABC8-E066-404D-A0C1-52CC2F4F2310}.Release|iPhoneSimulator.ActiveCfg = Release|x86
		{8197ABC8-E066-404D-A0C1-52CC2F4F2310}.Release|x64.ActiveCfg = Release|x64
		{8197ABC8-E066-404D-A0C1-52CC2F4F2310}.Release|x64.Build.0 = Release|x64
		{8197ABC8-E066-404D-A0C1-52CC2F4F2310}.Release|x64.Deploy.0 = Release|x64
		{8197ABC8-E066-404D-A0C1-52CC2F4F2310}.Release|x86.ActiveCfg = Release|x86
		{8197ABC8-E066-404D-A0C1-52CC2F4F2310}.Release|x86.Build.0 = Release|x86
		{8197ABC8-E066-404D-A0C1-52CC2F4F2310}.Release|x86.Deploy.0 = Release|x86
	EndGlobalSection
	GlobalSection(SolutionProperties) = preSolution
		HideSolutionNode = FALSE
	EndGlobalSection
	GlobalSection(ExtensibilityGlobals) = postSolution
		SolutionGuid = {1E6157CE-0BAA-4697-8F53-23DDD54481B9}
	EndGlobalSection
EndGlobal
